<?xml version="1.0" encoding="UTF-8" standalone="yes" ?>
<CodeBlocks_project_file>
	<FileVersion major="1" minor="6" />
	<Project>
		<Option title="Sh2CB" />
		<Option pch_mode="2" />
		<Option compiler="arm-elf-gcc" />
		<Build>
			<Target title="Release">
				<Option output="Release/Sh2CB.a2" prefix_auto="0" extension_auto="0" />
				<Option object_output="Release" />
				<Option type="1" />
				<Option compiler="llvm-mos" />
				<Option use_console_runner="0" />
				<Compiler>
					<Add option="-Os" />
					<Add option="-Wno-c++17-extensions" />
					<Add directory=".." />
					<Add directory="../../../Documents/Bin/llvm-mos/mos-platform/common/include" />
				</Compiler>
				<Linker>
					<Add library="$(llvmRoot)/mos-platform/common/lib/libcrt.a" />
					<Add library="$(llvmRoot)/mos-platform/common/lib/libc.a" />
					<Add directory="$(llvmRoot)/mos-platform/common/lib" />
				</Linker>
				<ExtraCommands>
					<Add after='.\postBuild.bat &quot;$(llvmRoot)&quot; &quot;$(TARGET_OUTPUT_DIR)&quot;' />
					<Mode after="always" />
				</ExtraCommands>
			</Target>
			<Target title="Debug">
				<Option output="Debug/Sh2CB.a2" prefix_auto="0" extension_auto="0" />
				<Option object_output="Debug" />
				<Option type="1" />
				<Option compiler="llvm-mos" />
				<Option use_console_runner="0" />
				<Compiler>
					<Add option="-Os" />
					<Add option="-Wno-c++17-extensions" />
					<Add option="-DDEBUG" />
					<Add directory=".." />
					<Add directory="../../../Documents/Bin/llvm-mos/mos-platform/common/include" />
				</Compiler>
				<Linker>
					<Add library="$(llvmRoot)/mos-platform/common/lib/libcrt.a" />
					<Add library="$(llvmRoot)/mos-platform/common/lib/libc.a" />
					<Add directory="$(llvmRoot)/mos-platform/common/lib" />
				</Linker>
				<ExtraCommands>
					<Add after='.\postBuild.bat &quot;$(llvmRoot)&quot; &quot;$(TARGET_OUTPUT_DIR)&quot;' />
				</ExtraCommands>
			</Target>
			<Target title="UnitTest">
				<Option output="UnitTest/Sh2CB.a2" prefix_auto="0" extension_auto="0" />
				<Option object_output="UnitTest" />
				<Option type="1" />
				<Option compiler="llvm-mos" />
				<Option use_console_runner="0" />
				<Compiler>
					<Add option="-Os" />
					<Add option="-DDEBUG" />
					<Add directory=".." />
					<Add directory="." />
				</Compiler>
				<Linker>
					<Add library="$(llvmRoot)/mos-platform/common/lib/libcrt.a" />
					<Add library="$(llvmRoot)/mos-platform/common/lib/libc.a" />
					<Add directory="$(llvmRoot)/mos-platform/common/lib" />
				</Linker>
				<ExtraCommands>
					<Add after='.\postBuild.bat &quot;$(llvmRoot)&quot; &quot;$(TARGET_OUTPUT_DIR)&quot;' />
				</ExtraCommands>
			</Target>
		</Build>
		<Compiler>
			<Add option="--target=mos" />
			<Add option="-flto" />
			<Add option="-O2" />
			<Add option="-Wall" />
			<Add option="-g" />
			<Add option="-fno-common" />
			<Add option="-DEK_AT91SAM7A3" />
			<Add option="-D__NO_CTOR_DTOR_SUPPORT__" />
			<Add option="-DUSE_IRQ" />
			<Add directory="src" />
			<Add directory="h" />
		</Compiler>
		<Linker>
			<Add option="-T ld/target.ld" />
			<Add option="--Map Sh2CB.map" />
			<Add option="--gc-sections" />
		</Linker>
		<Unit filename="../Apple2Lib/DOS.cpp" />
		<Unit filename="../Apple2Lib/DOS.h" />
		<Unit filename="../Apple2Lib/HGR.cpp" />
		<Unit filename="../Apple2Lib/HGR.h" />
		<Unit filename="../Apple2Lib/HGRAddressCalculator.cpp" />
		<Unit filename="../Apple2Lib/HGRAddressCalculator.h" />
		<Unit filename="../Apple2Lib/HGRPage.cpp" />
		<Unit filename="../Apple2Lib/HGRPage.h" />
		<Unit filename="../Apple2Lib/HGRWord.h" />
		<Unit filename="../Apple2Lib/Keyboard.cpp" />
		<Unit filename="../Apple2Lib/Keyboard.h" />
		<Unit filename="../Apple2Lib/ROM.cpp" />
		<Unit filename="../Apple2Lib/ROM.h" />
		<Unit filename="../Apple2Lib/TextPage.cpp" />
		<Unit filename="../Apple2Lib/TextPage.h" />
		<Unit filename="../Apple2Lib/VBLCounter.cpp" />
		<Unit filename="../Apple2Lib/VBLCounter.h" />
		<Unit filename="../C6502/Int6502.h" />
		<Unit filename="../C6502/LookupTable.h" />
		<Unit filename="../C6502/Memory.cpp" />
		<Unit filename="../C6502/Memory.h" />
		<Unit filename="AnimationPage.cpp" />
		<Unit filename="AnimationPage.h" />
		<Unit filename="Audio.cpp" />
		<Unit filename="Audio.h" />
		<Unit filename="Card.cpp" />
		<Unit filename="Card.h" />
		<Unit filename="CardAnimator.cpp" />
		<Unit filename="CardAnimator.h" />
		<Unit filename="CardLocation.cpp" />
		<Unit filename="CardLocation.h" />
		<Unit filename="Column.h" />
		<Unit filename="Cursor.cpp" />
		<Unit filename="Cursor.h" />
		<Unit filename="Deck.cpp" />
		<Unit filename="Deck.h" />
		<Unit filename="Drawing.cpp" />
		<Unit filename="Drawing.h" />
		<Unit filename="Game.cpp" />
		<Unit filename="Game.h" />
		<Unit filename="PersistentState.cpp" />
		<Unit filename="PersistentState.h" />
		<Unit filename="Rank.h" />
		<Unit filename="SHAssert.cpp" />
		<Unit filename="SHAssert.h" />
		<Unit filename="SavedBackground.cpp" />
		<Unit filename="SavedBackground.h" />
		<Unit filename="Screensave.cpp" />
		<Unit filename="Screensave.h" />
		<Unit filename="Shuffler.cpp" />
		<Unit filename="Shuffler.h" />
		<Unit filename="Sprites.cpp" />
		<Unit filename="Sprites.h" />
		<Unit filename="StateMachine.cpp" />
		<Unit filename="StateMachine.h" />
		<Unit filename="Suit.h" />
		<Unit filename="Test/UnitTestMain.cpp">
			<Option target="UnitTest" />
		</Unit>
		<Unit filename="TextScreen.cpp" />
		<Unit filename="TextScreen.h" />
		<Unit filename="UndoJournal.cpp" />
		<Unit filename="UndoJournal.h" />
		<Unit filename="ld/target.ld" />
		<Unit filename="main.cpp">
			<Option target="Release" />
			<Option target="Debug" />
		</Unit>
		<Extensions>
			<DoxyBlocks>
				<comment_style block="2" line="0" />
				<doxyfile_project />
				<doxyfile_build />
				<doxyfile_warnings />
				<doxyfile_output />
				<doxyfile_dot />
				<general />
			</DoxyBlocks>
			<lib_finder disable_auto="1" />
		</Extensions>
	</Project>
</CodeBlocks_project_file>
